
Microsoft Visual Studio Solution File, Format Version 12.00
# Visual Studio Version 17
VisualStudioVersion = 17.11.35312.102
MinimumVisualStudioVersion = 10.0.40219.1
Project("{8BC9CEB8-8B4A-11D0-8D11-00A0C91BC942}") = "c_hw_1024_4_16", "c_hw_1024_4_16\c_hw_1024_4_16.vcxproj", "{02391043-E31B-48B2-ACFB-37506880420D}"
EndProject
Global
	GlobalSection(SolutionConfigurationPlatforms) = preSolution
		Debug|x64 = Debug|x64
		Debug|x86 = Debug|x86
		Release|x64 = Release|x64
		Release|x86 = Release|x86
	EndGlobalSection
	GlobalSection(ProjectConfigurationPlatforms) = postSolution
		{02391043-E31B-48B2-ACFB-37506880420D}.Debug|x64.ActiveCfg = Debug|x64
		{02391043-E31B-48B2-ACFB-37506880420D}.Debug|x64.Build.0 = Debug|x64
		{02391043-E31B-48B2-ACFB-37506880420D}.Debug|x86.ActiveCfg = Debug|Win32
		{02391043-E31B-48B2-ACFB-37506880420D}.Debug|x86.Build.0 = Debug|Win32
		{02391043-E31B-48B2-ACFB-37506880420D}.Release|x64.ActiveCfg = Release|x64
		{02391043-E31B-48B2-ACFB-37506880420D}.Release|x64.Build.0 = Release|x64
		{02391043-E31B-48B2-ACFB-37506880420D}.Release|x86.ActiveCfg = Release|Win32
		{02391043-E31B-48B2-ACFB-37506880420D}.Release|x86.Build.0 = Release|Win32
	EndGlobalSection
	GlobalSection(SolutionProperties) = preSolution
		HideSolutionNode = FALSE
	EndGlobalSection
	GlobalSection(ExtensibilityGlobals) = postSolution
		SolutionGuid = {F75E7C20-C578-457D-96AE-A4115C8E6007}
	EndGlobalSection
EndGlobal
